{
  "name": "jekyll-nsp",
  "lockfileVersion": 2,
  "requires": true,
  "packages": {
    "": {
      "dependencies": {
        "kramdown": "last"
      }
    },
    "node_modules/kramdown": {
      "version": "0.0.0",
      "resolved": "https://registry.npmmirror.com/kramdown/download/kramdown-0.0.0.tgz",
      "integrity": "sha1-D2X1hn7HbQnydnXlxnQnzz6BFHw="
    }
  },
  "dependencies": {
    "kramdown": {
      "version": "0.0.0",
      "resolved": "https://registry.npmmirror.com/kramdown/download/kramdown-0.0.0.tgz",
      "integrity": "sha1-D2X1hn7HbQnydnXlxnQnzz6BFHw="
    }
  }
}
